
Microsoft Visual Studio Solution File, Format Version 12.00
# Visual Studio 2012
Project("{FAE04EC0-301F-11D3-BF4B-00C04F79EFBC}") = "FrontlineCodeChallengeGui", "FrontlineCodeChallengeGui\FrontlineCodeChallengeGui.csproj", "{8E6C89AF-8C75-4984-A03D-4B2DD5E8FCFE}"
EndProject
Global
	GlobalSection(SolutionConfigurationPlatforms) = preSolution
		Debug|Any CPU = Debug|Any CPU
		Release|Any CPU = Release|Any CPU
	EndGlobalSection
	GlobalSection(ProjectConfigurationPlatforms) = postSolution
		{8E6C89AF-8C75-4984-A03D-4B2DD5E8FCFE}.Debug|Any CPU.ActiveCfg = Debug|Any CPU
		{8E6C89AF-8C75-4984-A03D-4B2DD5E8FCFE}.Debug|Any CPU.Build.0 = Debug|Any CPU
		{8E6C89AF-8C75-4984-A03D-4B2DD5E8FCFE}.Release|Any CPU.ActiveCfg = Release|Any CPU
		{8E6C89AF-8C75-4984-A03D-4B2DD5E8FCFE}.Release|Any CPU.Build.0 = Release|Any CPU
	EndGlobalSection
	GlobalSection(SolutionProperties) = preSolution
		HideSolutionNode = FALSE
	EndGlobalSection
EndGlobal
